// !$*UTF8*$!
{
	archiveVersion = 1;
	classes = {
	};
	objectVersion = 46;
	objects = {

/* Begin PBXBuildFile section */
		CB054B6F1DAB46A800CF9829 /* AppDelegate.swift in Sources */ = {isa = PBXBuildFile; fileRef = CB054B6E1DAB46A800CF9829 /* AppDelegate.swift */; };
		CB054B711DAB46A800CF9829 /* ViewController.swift in Sources */ = {isa = PBXBuildFile; fileRef = CB054B701DAB46A800CF9829 /* ViewController.swift */; };
		CB054B741DAB46A800CF9829 /* Main.storyboard in Resources */ = {isa = PBXBuildFile; fileRef = CB054B721DAB46A800CF9829 /* Main.storyboard */; };
		CB054B771DAB46A800CF9829 /* ContactMySensors.xcdatamodeld in Sources */ = {isa = PBXBuildFile; fileRef = CB054B751DAB46A800CF9829 /* ContactMySensors.xcdatamodeld */; };
		CB054B791DAB46A800CF9829 /* Assets.xcassets in Resources */ = {isa = PBXBuildFile; fileRef = CB054B781DAB46A800CF9829 /* Assets.xcassets */; };
		CB054B7C1DAB46A800CF9829 /* LaunchScreen.storyboard in Resources */ = {isa = PBXBuildFile; fileRef = CB054B7A1DAB46A800CF9829 /* LaunchScreen.storyboard */; };
		CB054B871DAB46A800CF9829 /* ContactMySensorsTests.swift in Sources */ = {isa = PBXBuildFile; fileRef = CB054B861DAB46A800CF9829 /* ContactMySensorsTests.swift */; };
		CB054B921DAB46A800CF9829 /* ContactMySensorsUITests.swift in Sources */ = {isa = PBXBuildFile; fileRef = CB054B911DAB46A800CF9829 /* ContactMySensorsUITests.swift */; };
/* End PBXBuildFile section */

/* Begin PBXContainerItemProxy section */
		CB054B831DAB46A800CF9829 /* PBXContainerItemProxy */ = {
			isa = PBXContainerItemProxy;
			containerPortal = CB054B631DAB46A800CF9829 /* Project object */;
			proxyType = 1;
			remoteGlobalIDString = CB054B6A1DAB46A800CF9829;
			remoteInfo = ContactMySensors;
		};
		CB054B8E1DAB46A800CF9829 /* PBXContainerItemProxy */ = {
			isa = PBXContainerItemProxy;
			containerPortal = CB054B631DAB46A800CF9829 /* Project object */;
			proxyType = 1;
			remoteGlobalIDString = CB054B6A1DAB46A800CF9829;
			remoteInfo = ContactMySensors;
		};
/* End PBXContainerItemProxy section */

/* Begin PBXFileReference section */
		CB054B6B1DAB46A800CF9829 /* ContactMySensors.app */ = {isa = PBXFileReference; explicitFileType = wrapper.application; includeInIndex = 0; path = ContactMySensors.app; sourceTree = BUILT_PRODUCTS_DIR; };
		CB054B6E1DAB46A800CF9829 /* AppDelegate.swift */ = {isa = PBXFileReference; lastKnownFileType = sourcecode.swift; path = AppDelegate.swift; sourceTree = "<group>"; };
		CB054B701DAB46A800CF9829 /* ViewController.swift */ = {isa = PBXFileReference; lastKnownFileType = sourcecode.swift; path = ViewController.swift; sourceTree = "<group>"; };
		CB054B731DAB46A800CF9829 /* Base */ = {isa = PBXFileReference; lastKnownFileType = file.storyboard; name = Base; path = Base.lproj/Main.storyboard; sourceTree = "<group>"; };
		CB054B761DAB46A800CF9829 /* ContactMySensors.xcdatamodel */ = {isa = PBXFileReference; lastKnownFileType = wrapper.xcdatamodel; path = ContactMySensors.xcdatamodel; sourceTree = "<group>"; };
		CB054B781DAB46A800CF9829 /* Assets.xcassets */ = {isa = PBXFileReference; lastKnownFileType = folder.assetcatalog; path = Assets.xcassets; sourceTree = "<group>"; };
		CB054B7B1DAB46A800CF9829 /* Base */ = {isa = PBXFileReference; lastKnownFileType = file.storyboard; name = Base; path = Base.lproj/LaunchScreen.storyboard; sourceTree = "<group>"; };
		CB054B7D1DAB46A800CF9829 /* Info.plist */ = {isa = PBXFileReference; lastKnownFileType = text.plist.xml; path = Info.plist; sourceTree = "<group>"; };
		CB054B821DAB46A800CF9829 /* ContactMySensorsTests.xctest */ = {isa = PBXFileReference; explicitFileType = wrapper.cfbundle; includeInIndex = 0; path = ContactMySensorsTests.xctest; sourceTree = BUILT_PRODUCTS_DIR; };
		CB054B861DAB46A800CF9829 /* ContactMySensorsTests.swift */ = {isa = PBXFileReference; lastKnownFileType = sourcecode.swift; path = ContactMySensorsTests.swift; sourceTree = "<group>"; };
		CB054B881DAB46A800CF9829 /* Info.plist */ = {isa = PBXFileReference; lastKnownFileType = text.plist.xml; path = Info.plist; sourceTree = "<group>"; };
		CB054B8D1DAB46A800CF9829 /* ContactMySensorsUITests.xctest */ = {isa = PBXFileReference; explicitFileType = wrapper.cfbundle; includeInIndex = 0; path = ContactMySensorsUITests.xctest; sourceTree = BUILT_PRODUCTS_DIR; };
		CB054B911DAB46A800CF9829 /* ContactMySensorsUITests.swift */ = {isa = PBXFileReference; lastKnownFileType = sourcecode.swift; path = ContactMySensorsUITests.swift; sourceTree = "<group>"; };
		CB054B931DAB46A800CF9829 /* Info.plist */ = {isa = PBXFileReference; lastKnownFileType = text.plist.xml; path = Info.plist; sourceTree = "<group>"; };
/* End PBXFileReference section */

/* Begin PBXFrameworksBuildPhase section */
		CB054B681DAB46A800CF9829 /* Frameworks */ = {
			isa = PBXFrameworksBuildPhase;
			buildActionMask = 2147483647;
			files = (
			);
			runOnlyForDeploymentPostprocessing = 0;
		};
		CB054B7F1DAB46A800CF9829 /* Frameworks */ = {
			isa = PBXFrameworksBuildPhase;
			buildActionMask = 2147483647;
			files = (
			);
			runOnlyForDeploymentPostprocessing = 0;
		};
		CB054B8A1DAB46A800CF9829 /* Frameworks */ = {
			isa = PBXFrameworksBuildPhase;
			buildActionMask = 2147483647;
			files = (
			);
			runOnlyForDeploymentPostprocessing = 0;
		};
/* End PBXFrameworksBuildPhase section */

/* Begin PBXGroup section */
		CB054B621DAB46A800CF9829 = {
			isa = PBXGroup;
			children = (
				CB054B6D1DAB46A800CF9829 /* ContactMySensors */,
				CB054B851DAB46A800CF9829 /* ContactMySensorsTests */,
				CB054B901DAB46A800CF9829 /* ContactMySensorsUITests */,
				CB054B6C1DAB46A800CF9829 /* Products */,
			);
			sourceTree = "<group>";
		};
		CB054B6C1DAB46A800CF9829 /* Products */ = {
			isa = PBXGroup;
			children = (
				CB054B6B1DAB46A800CF9829 /* ContactMySensors.app */,
				CB054B821DAB46A800CF9829 /* ContactMySensorsTests.xctest */,
				CB054B8D1DAB46A800CF9829 /* ContactMySensorsUITests.xctest */,
			);
			name = Products;
			sourceTree = "<group>";
		};
		CB054B6D1DAB46A800CF9829 /* ContactMySensors */ = {
			isa = PBXGroup;
			children = (
				CB054B6E1DAB46A800CF9829 /* AppDelegate.swift */,
				CB054B701DAB46A800CF9829 /* ViewController.swift */,
				CB054B721DAB46A800CF9829 /* Main.storyboard */,
				CB054B781DAB46A800CF9829 /* Assets.xcassets */,
				CB054B7A1DAB46A800CF9829 /* LaunchScreen.storyboard */,
				CB054B7D1DAB46A800CF9829 /* Info.plist */,
				CB054B751DAB46A800CF9829 /* ContactMySensors.xcdatamodeld */,
			);
			path = ContactMySensors;
			sourceTree = "<group>";
		};
		CB054B851DAB46A800CF9829 /* ContactMySensorsTests */ = {
			isa = PBXGroup;
			children = (
				CB054B861DAB46A800CF9829 /* ContactMySensorsTests.swift */,
				CB054B881DAB46A800CF9829 /* Info.plist */,
			);
			path = ContactMySensorsTests;
			sourceTree = "<group>";
		};
		CB054B901DAB46A800CF9829 /* ContactMySensorsUITests */ = {
			isa = PBXGroup;
			children = (
				CB054B911DAB46A800CF9829 /* ContactMySensorsUITests.swift */,
				CB054B931DAB46A800CF9829 /* Info.plist */,
			);
			path = ContactMySensorsUITests;
			sourceTree = "<group>";
		};
/* End PBXGroup section */

/* Begin PBXNativeTarget section */
		CB054B6A1DAB46A800CF9829 /* ContactMySensors */ = {
			isa = PBXNativeTarget;
			buildConfigurationList = CB054B961DAB46A800CF9829 /* Build configuration list for PBXNativeTarget "ContactMySensors" */;
			buildPhases = (
				CB054B671DAB46A800CF9829 /* Sources */,
				CB054B681DAB46A800CF9829 /* Frameworks */,
				CB054B691DAB46A800CF9829 /* Resources */,
			);
			buildRules = (
			);
			dependencies = (
			);
			name = ContactMySensors;
			productName = ContactMySensors;
			productReference = CB054B6B1DAB46A800CF9829 /* ContactMySensors.app */;
			productType = "com.apple.product-type.application";
		};
		CB054B811DAB46A800CF9829 /* ContactMySensorsTests */ = {
			isa = PBXNativeTarget;
			buildConfigurationList = CB054B991DAB46A800CF9829 /* Build configuration list for PBXNativeTarget "ContactMySensorsTests" */;
			buildPhases = (
				CB054B7E1DAB46A800CF9829 /* Sources */,
				CB054B7F1DAB46A800CF9829 /* Frameworks */,
				CB054B801DAB46A800CF9829 /* Resources */,
			);
			buildRules = (
			);
			dependencies = (
				CB054B841DAB46A800CF9829 /* PBXTargetDependency */,
			);
			name = ContactMySensorsTests;
			productName = ContactMySensorsTests;
			productReference = CB054B821DAB46A800CF9829 /* ContactMySensorsTests.xctest */;
			productType = "com.apple.product-type.bundle.unit-test";
		};
		CB054B8C1DAB46A800CF9829 /* ContactMySensorsUITests */ = {
			isa = PBXNativeTarget;
			buildConfigurationList = CB054B9C1DAB46A800CF9829 /* Build configuration list for PBXNativeTarget "ContactMySensorsUITests" */;
			buildPhases = (
				CB054B891DAB46A800CF9829 /* Sources */,
				CB054B8A1DAB46A800CF9829 /* Frameworks */,
				CB054B8B1DAB46A800CF9829 /* Resources */,
			);
			buildRules = (
			);
			dependencies = (
				CB054B8F1DAB46A800CF9829 /* PBXTargetDependency */,
			);
			name = ContactMySensorsUITests;
			productName = ContactMySensorsUITests;
			productReference = CB054B8D1DAB46A800CF9829 /* ContactMySensorsUITests.xctest */;
			productType = "com.apple.product-type.bundle.ui-testing";
		};
/* End PBXNativeTarget section */

/* Begin PBXProject section */
		CB054B631DAB46A800CF9829 /* Project object */ = {
			isa = PBXProject;
			attributes = {
				LastSwiftUpdateCheck = 0800;
				LastUpgradeCheck = 0800;
				ORGANIZATIONNAME = "Jack N. Archer";
				TargetAttributes = {
					CB054B6A1DAB46A800CF9829 = {
						CreatedOnToolsVersion = 8.0;
						ProvisioningStyle = Automatic;
					};
					CB054B811DAB46A800CF9829 = {
						CreatedOnToolsVersion = 8.0;
						ProvisioningStyle = Automatic;
						TestTargetID = CB054B6A1DAB46A800CF9829;
					};
					CB054B8C1DAB46A800CF9829 = {
						CreatedOnToolsVersion = 8.0;
						ProvisioningStyle = Automatic;
						TestTargetID = CB054B6A1DAB46A800CF9829;
					};
				};
			};
			buildConfigurationList = CB054B661DAB46A800CF9829 /* Build configuration list for PBXProject "ContactMySensors" */;
			compatibilityVersion = "Xcode 3.2";
			developmentRegion = English;
			hasScannedForEncodings = 0;
			knownRegions = (
				en,
				Base,
			);
			mainGroup = CB054B621DAB46A800CF9829;
			productRefGroup = CB054B6C1DAB46A800CF9829 /* Products */;
			projectDirPath = "";
			projectRoot = "";
			targets = (
				CB054B6A1DAB46A800CF9829 /* ContactMySensors */,
				CB054B811DAB46A800CF9829 /* ContactMySensorsTests */,
				CB054B8C1DAB46A800CF9829 /* ContactMySensorsUITests */,
			);
		};
/* End PBXProject section */

/* Begin PBXResourcesBuildPhase section */
		CB054B691DAB46A800CF9829 /* Resources */ = {
			isa = PBXResourcesBuildPhase;
			buildActionMask = 2147483647;
			files = (
				CB054B7C1DAB46A800CF9829 /* LaunchScreen.storyboard in Resources */,
				CB054B791DAB46A800CF9829 /* Assets.xcassets in Resources */,
				CB054B741DAB46A800CF9829 /* Main.storyboard in Resources */,
			);
			runOnlyForDeploymentPostprocessing = 0;
		};
		CB054B801DAB46A800CF9829 /* Resources */ = {
			isa = PBXResourcesBuildPhase;
			buildActionMask = 2147483647;
			files = (
			);
			runOnlyForDeploymentPostprocessing = 0;
		};
		CB054B8B1DAB46A800CF9829 /* Resources */ = {
			isa = PBXResourcesBuildPhase;
			buildActionMask = 2147483647;
			files = (
			);
			runOnlyForDeploymentPostprocessing = 0;
		};
/* End PBXResourcesBuildPhase section */

/* Begin PBXSourcesBuildPhase section */
		CB054B671DAB46A800CF9829 /* Sources */ = {
			isa = PBXSourcesBuildPhase;
			buildActionMask = 2147483647;
			files = (
				CB054B711DAB46A800CF9829 /* ViewController.swift in Sources */,
				CB054B771DAB46A800CF9829 /* ContactMySensors.xcdatamodeld in Sources */,
				CB054B6F1DAB46A800CF9829 /* AppDelegate.swift in Sources */,
			);
			runOnlyForDeploymentPostprocessing = 0;
		};
		CB054B7E1DAB46A800CF9829 /* Sources */ = {
			isa = PBXSourcesBuildPhase;
			buildActionMask = 2147483647;
			files = (
				CB054B871DAB46A800CF9829 /* ContactMySensorsTests.swift in Sources */,
			);
			runOnlyForDeploymentPostprocessing = 0;
		};
		CB054B891DAB46A800CF9829 /* Sources */ = {
			isa = PBXSourcesBuildPhase;
			buildActionMask = 2147483647;
			files = (
				CB054B921DAB46A800CF9829 /* ContactMySensorsUITests.swift in Sources */,
			);
			runOnlyForDeploymentPostprocessing = 0;
		};
/* End PBXSourcesBuildPhase section */

/* Begin PBXTargetDependency section */
		CB054B841DAB46A800CF9829 /* PBXTargetDependency */ = {
			isa = PBXTargetDependency;
			target = CB054B6A1DAB46A800CF9829 /* ContactMySensors */;
			targetProxy = CB054B831DAB46A800CF9829 /* PBXContainerItemProxy */;
		};
		CB054B8F1DAB46A800CF9829 /* PBXTargetDependency */ = {
			isa = PBXTargetDependency;
			target = CB054B6A1DAB46A800CF9829 /* ContactMySensors */;
			targetProxy = CB054B8E1DAB46A800CF9829 /* PBXContainerItemProxy */;
		};
/* End PBXTargetDependency section */

/* Begin PBXVariantGroup section */
		CB054B721DAB46A800CF9829 /* Main.storyboard */ = {
			isa = PBXVariantGroup;
			children = (
				CB054B731DAB46A800CF9829 /* Base */,
			);
			name = Main.storyboard;
			sourceTree = "<group>";
		};
		CB054B7A1DAB46A800CF9829 /* LaunchScreen.storyboard */ = {
			isa = PBXVariantGroup;
			children = (
				CB054B7B1DAB46A800CF9829 /* Base */,
			);
			name = LaunchScreen.storyboard;
			sourceTree = "<group>";
		};
/* End PBXVariantGroup section */

/* Begin XCBuildConfiguration section */
		CB054B941DAB46A800CF9829 /* Debug */ = {
			isa = XCBuildConfiguration;
			buildSettings = {
				ALWAYS_SEARCH_USER_PATHS = NO;
				CLANG_ANALYZER_NONNULL = YES;
				CLANG_CXX_LANGUAGE_STANDARD = "gnu++0x";
				CLANG_CXX_LIBRARY = "libc++";
				CLANG_ENABLE_MODULES = YES;
				CLANG_ENABLE_OBJC_ARC = YES;
				CLANG_WARN_BOOL_CONVERSION = YES;
				CLANG_WARN_CONSTANT_CONVERSION = YES;
				CLANG_WARN_DIRECT_OBJC_ISA_USAGE = YES_ERROR;
				CLANG_WARN_DOCUMENTATION_COMMENTS = YES;
				CLANG_WARN_EMPTY_BODY = YES;
				CLANG_WARN_ENUM_CONVERSION = YES;
				CLANG_WARN_INFINITE_RECURSION = YES;
				CLANG_WARN_INT_CONVERSION = YES;
				CLANG_WARN_OBJC_ROOT_CLASS = YES_ERROR;
				CLANG_WARN_SUSPICIOUS_MOVES = YES;
				CLANG_WARN_UNREACHABLE_CODE = YES;
				CLANG_WARN__DUPLICATE_METHOD_MATCH = YES;
				"CODE_SIGN_IDENTITY[sdk=iphoneos*]" = "iPhone Developer";
				COPY_PHASE_STRIP = NO;
				DEBUG_INFORMATION_FORMAT = dwarf;
				ENABLE_STRICT_OBJC_MSGSEND = YES;
				ENABLE_TESTABILITY = YES;
				GCC_C_LANGUAGE_STANDARD = gnu99;
				GCC_DYNAMIC_NO_PIC = NO;
				GCC_NO_COMMON_BLOCKS = YES;
				GCC_OPTIMIZATION_LEVEL = 0;
				GCC_PREPROCESSOR_DEFINITIONS = (
					"DEBUG=1",
					"$(inherited)",
				);
				GCC_WARN_64_TO_32_BIT_CONVERSION = YES;
				GCC_WARN_ABOUT_RETURN_TYPE = YES_ERROR;
				GCC_WARN_UNDECLARED_SELECTOR = YES;
				GCC_WARN_UNINITIALIZED_AUTOS = YES_AGGRESSIVE;
				GCC_WARN_UNUSED_FUNCTION = YES;
				GCC_WARN_UNUSED_VARIABLE = YES;
				IPHONEOS_DEPLOYMENT_TARGET = 10.0;
				MTL_ENABLE_DEBUG_INFO = YES;
				ONLY_ACTIVE_ARCH = YES;
				SDKROOT = iphoneos;
				SWIFT_ACTIVE_COMPILATION_CONDITIONS = DEBUG;
				SWIFT_OPTIMIZATION_LEVEL = "-Onone";
				TARGETED_DEVICE_FAMILY = "1,2";
			};
			name = Debug;
		};
		CB054B951DAB46A800CF9829 /* Release */ = {
			isa = XCBuildConfiguration;
			buildSettings = {
				ALWAYS_SEARCH_USER_PATHS = NO;
				CLANG_ANALYZER_NONNULL = YES;
				CLANG_CXX_LANGUAGE_STANDARD = "gnu++0x";
				CLANG_CXX_LIBRARY = "libc++";
				CLANG_ENABLE_MODULES = YES;
				CLANG_ENABLE_OBJC_ARC = YES;
				CLANG_WARN_BOOL_CONVERSION = YES;
				CLANG_WARN_CONSTANT_CONVERSION = YES;
				CLANG_WARN_DIRECT_OBJC_ISA_USAGE = YES_ERROR;
				CLANG_WARN_DOCUMENTATION_COMMENTS = YES;
				CLANG_WARN_EMPTY_BODY = YES;
				CLANG_WARN_ENUM_CONVERSION = YES;
				CLANG_WARN_INFINITE_RECURSION = YES;
				CLANG_WARN_INT_CONVERSION = YES;
				CLANG_WARN_OBJC_ROOT_CLASS = YES_ERROR;
				CLANG_WARN_SUSPICIOUS_MOVES = YES;
				CLANG_WARN_UNREACHABLE_CODE = YES;
				CLANG_WARN__DUPLICATE_METHOD_MATCH = YES;
				"CODE_SIGN_IDENTITY[sdk=iphoneos*]" = "iPhone Developer";
				COPY_PHASE_STRIP = NO;
				DEBUG_INFORMATION_FORMAT = "dwarf-with-dsym";
				ENABLE_NS_ASSERTIONS = NO;
				ENABLE_STRICT_OBJC_MSGSEND = YES;
				GCC_C_LANGUAGE_STANDARD = gnu99;
				GCC_NO_COMMON_BLOCKS = YES;
				GCC_WARN_64_TO_32_BIT_CONVERSION = YES;
				GCC_WARN_ABOUT_RETURN_TYPE = YES_ERROR;
				GCC_WARN_UNDECLARED_SELECTOR = YES;
				GCC_WARN_UNINITIALIZED_AUTOS = YES_AGGRESSIVE;
				GCC_WARN_UNUSED_FUNCTION = YES;
				GCC_WARN_UNUSED_VARIABLE = YES;
				IPHONEOS_DEPLOYMENT_TARGET = 10.0;
				MTL_ENABLE_DEBUG_INFO = NO;
				SDKROOT = iphoneos;
				SWIFT_OPTIMIZATION_LEVEL = "-Owholemodule";
				TARGETED_DEVICE_FAMILY = "1,2";
				VALIDATE_PRODUCT = YES;
			};
			name = Release;
		};
		CB054B971DAB46A800CF9829 /* Debug */ = {
			isa = XCBuildConfiguration;
			buildSettings = {
				ASSETCATALOG_COMPILER_APPICON_NAME = AppIcon;
				INFOPLIST_FILE = ContactMySensors/Info.plist;
				LD_RUNPATH_SEARCH_PATHS = "$(inherited) @executable_path/Frameworks";
				PRODUCT_BUNDLE_IDENTIFIER = ztia23.ContactMySensors;
				PRODUCT_NAME = "$(TARGET_NAME)";
				SWIFT_VERSION = 3.0;
			};
			name = Debug;
		};
		CB054B981DAB46A800CF9829 /* Release */ = {
			isa = XCBuildConfiguration;
			buildSettings = {
				ASSETCATALOG_COMPILER_APPICON_NAME = AppIcon;
				INFOPLIST_FILE = ContactMySensors/Info.plist;
				LD_RUNPATH_SEARCH_PATHS = "$(inherited) @executable_path/Frameworks";
				PRODUCT_BUNDLE_IDENTIFIER = ztia23.ContactMySensors;
				PRODUCT_NAME = "$(TARGET_NAME)";
				SWIFT_VERSION = 3.0;
			};
			name = Release;
		};
		CB054B9A1DAB46A800CF9829 /* Debug */ = {
			isa = XCBuildConfiguration;
			buildSettings = {
				ALWAYS_EMBED_SWIFT_STANDARD_LIBRARIES = YES;
				BUNDLE_LOADER = "$(TEST_HOST)";
				INFOPLIST_FILE = ContactMySensorsTests/Info.plist;
				LD_RUNPATH_SEARCH_PATHS = "$(inherited) @executable_path/Frameworks @loader_path/Frameworks";
				PRODUCT_BUNDLE_IDENTIFIER = ztia23.ContactMySensorsTests;
				PRODUCT_NAME = "$(TARGET_NAME)";
				SWIFT_VERSION = 3.0;
				TEST_HOST = "$(BUILT_PRODUCTS_DIR)/ContactMySensors.app/ContactMySensors";
			};
			name = Debug;
		};
		CB054B9B1DAB46A800CF9829 /* Release */ = {
			isa = XCBuildConfiguration;
			buildSettings = {
				ALWAYS_EMBED_SWIFT_STANDARD_LIBRARIES = YES;
				BUNDLE_LOADER = "$(TEST_HOST)";
				INFOPLIST_FILE = ContactMySensorsTests/Info.plist;
				LD_RUNPATH_SEARCH_PATHS = "$(inherited) @executable_path/Frameworks @loader_path/Frameworks";
				PRODUCT_BUNDLE_IDENTIFIER = ztia23.ContactMySensorsTests;
				PRODUCT_NAME = "$(TARGET_NAME)";
				SWIFT_VERSION = 3.0;
				TEST_HOST = "$(BUILT_PRODUCTS_DIR)/ContactMySensors.app/ContactMySensors";
			};
			name = Release;
		};
		CB054B9D1DAB46A800CF9829 /* Debug */ = {
			isa = XCBuildConfiguration;
			buildSettings = {
				ALWAYS_EMBED_SWIFT_STANDARD_LIBRARIES = YES;
				INFOPLIST_FILE = ContactMySensorsUITests/Info.plist;
				LD_RUNPATH_SEARCH_PATHS = "$(inherited) @executable_path/Frameworks @loader_path/Frameworks";
				PRODUCT_BUNDLE_IDENTIFIER = ztia23.ContactMySensorsUITests;
				PRODUCT_NAME = "$(TARGET_NAME)";
				SWIFT_VERSION = 3.0;
				TEST_TARGET_NAME = ContactMySensors;
			};
			name = Debug;
		};
		CB054B9E1DAB46A800CF9829 /* Release */ = {
			isa = XCBuildConfiguration;
			buildSettings = {
				ALWAYS_EMBED_SWIFT_STANDARD_LIBRARIES = YES;
				INFOPLIST_FILE = ContactMySensorsUITests/Info.plist;
				LD_RUNPATH_SEARCH_PATHS = "$(inherited) @executable_path/Frameworks @loader_path/Frameworks";
				PRODUCT_BUNDLE_IDENTIFIER = ztia23.ContactMySensorsUITests;
				PRODUCT_NAME = "$(TARGET_NAME)";
				SWIFT_VERSION = 3.0;
				TEST_TARGET_NAME = ContactMySensors;
			};
			name = Release;
		};
/* End XCBuildConfiguration section */

/* Begin XCConfigurationList section */
		CB054B661DAB46A800CF9829 /* Build configuration list for PBXProject "ContactMySensors" */ = {
			isa = XCConfigurationList;
			buildConfigurations = (
				CB054B941DAB46A800CF9829 /* Debug */,
				CB054B951DAB46A800CF9829 /* Release */,
			);
			defaultConfigurationIsVisible = 0;
			defaultConfigurationName = Release;
		};
		CB054B961DAB46A800CF9829 /* Build configuration list for PBXNativeTarget "ContactMySensors" */ = {
			isa = XCConfigurationList;
			buildConfigurations = (
				CB054B971DAB46A800CF9829 /* Debug */,
				CB054B981DAB46A800CF9829 /* Release */,
			);
			defaultConfigurationIsVisible = 0;
		};
		CB054B991DAB46A800CF9829 /* Build configuration list for PBXNativeTarget "ContactMySensorsTests" */ = {
			isa = XCConfigurationList;
			buildConfigurations = (
				CB054B9A1DAB46A800CF9829 /* Debug */,
				CB054B9B1DAB46A800CF9829 /* Release */,
			);
			defaultConfigurationIsVisible = 0;
		};
		CB054B9C1DAB46A800CF9829 /* Build configuration list for PBXNativeTarget "ContactMySensorsUITests" */ = {
			isa = XCConfigurationList;
			buildConfigurations = (
				CB054B9D1DAB46A800CF9829 /* Debug */,
				CB054B9E1DAB46A800CF9829 /* Release */,
			);
			defaultConfigurationIsVisible = 0;
		};
/* End XCConfigurationList section */

/* Begin XCVersionGroup section */
		CB054B751DAB46A800CF9829 /* ContactMySensors.xcdatamodeld */ = {
			isa = XCVersionGroup;
			children = (
				CB054B761DAB46A800CF9829 /* ContactMySensors.xcdatamodel */,
			);
			currentVersion = CB054B761DAB46A800CF9829 /* ContactMySensors.xcdatamodel */;
			path = ContactMySensors.xcdatamodeld;
			sourceTree = "<group>";
			versionGroupType = wrapper.xcdatamodel;
		};
/* End XCVersionGroup section */
	};
	rootObject = CB054B631DAB46A800CF9829 /* Project object */;
}
